// !$*UTF8*$!
{
	archiveVersion = 1;
	classes = {
	};
	objectVersion = 56;
	objects = {

/* Begin PBXBuildFile section */
		9E0405892C07560A0076F191 /* TrafficFactoryApp.swift in Sources */ = {isa = PBXBuildFile; fileRef = 9E0405882C07560A0076F191 /* TrafficFactoryApp.swift */; };
		9E04058B2C07560A0076F191 /* ContentView.swift in Sources */ = {isa = PBXBuildFile; fileRef = 9E04058A2C07560A0076F191 /* ContentView.swift */; };
		9E04058D2C07560C0076F191 /* Assets.xcassets in Resources */ = {isa = PBXBuildFile; fileRef = 9E04058C2C07560C0076F191 /* Assets.xcassets */; };
		9E0405902C07560C0076F191 /* Preview Assets.xcassets in Resources */ = {isa = PBXBuildFile; fileRef = 9E04058F2C07560C0076F191 /* Preview Assets.xcassets */; };
		9E0405A42C07560C0076F191 /* TrafficFactoryUITests.swift in Sources */ = {isa = PBXBuildFile; fileRef = 9E0405A32C07560C0076F191 /* TrafficFactoryUITests.swift */; };
		9E0405A62C07560C0076F191 /* TrafficFactoryUITestsLaunchTests.swift in Sources */ = {isa = PBXBuildFile; fileRef = 9E0405A52C07560C0076F191 /* TrafficFactoryUITestsLaunchTests.swift */; };
		9E578D4F2C07AFB600579E6E /* GaugeProgressStyle.swift in Sources */ = {isa = PBXBuildFile; fileRef = 9E578D4E2C07AFB600579E6E /* GaugeProgressStyle.swift */; };
		9E578D522C08622900579E6E /* ImageLoader.swift in Sources */ = {isa = PBXBuildFile; fileRef = 9E578D502C08622900579E6E /* ImageLoader.swift */; };
		9E578D532C08622900579E6E /* DataService.swift in Sources */ = {isa = PBXBuildFile; fileRef = 9E578D512C08622900579E6E /* DataService.swift */; };
		9E578D552C08623800579E6E /* ViewModel.swift in Sources */ = {isa = PBXBuildFile; fileRef = 9E578D542C08623800579E6E /* ViewModel.swift */; };
		9E578D572C08624A00579E6E /* ItemCell.swift in Sources */ = {isa = PBXBuildFile; fileRef = 9E578D562C08624A00579E6E /* ItemCell.swift */; };
		9E578D592C08627400579E6E /* Item.swift in Sources */ = {isa = PBXBuildFile; fileRef = 9E578D582C08627400579E6E /* Item.swift */; };
		9E578D5D2C0862F000579E6E /* items.json in Resources */ = {isa = PBXBuildFile; fileRef = 9E578D5C2C0862F000579E6E /* items.json */; };
		9E578D612C0863B500579E6E /* DataServiceTests.swift in Sources */ = {isa = PBXBuildFile; fileRef = 9E578D602C0863B500579E6E /* DataServiceTests.swift */; };
		9E578D632C08646500579E6E /* ImageLoaderTests.swift in Sources */ = {isa = PBXBuildFile; fileRef = 9E578D622C08646500579E6E /* ImageLoaderTests.swift */; };
		9E578D662C0865B300579E6E /* ViewModelTests.swift in Sources */ = {isa = PBXBuildFile; fileRef = 9E578D652C0865B300579E6E /* ViewModelTests.swift */; };
/* End PBXBuildFile section */

/* Begin PBXContainerItemProxy section */
		9E0405962C07560C0076F191 /* PBXContainerItemProxy */ = {
			isa = PBXContainerItemProxy;
			containerPortal = 9E04057D2C07560A0076F191 /* Project object */;
			proxyType = 1;
			remoteGlobalIDString = 9E0405842C07560A0076F191;
			remoteInfo = TrafficFactory;
		};
		9E0405A02C07560C0076F191 /* PBXContainerItemProxy */ = {
			isa = PBXContainerItemProxy;
			containerPortal = 9E04057D2C07560A0076F191 /* Project object */;
			proxyType = 1;
			remoteGlobalIDString = 9E0405842C07560A0076F191;
			remoteInfo = TrafficFactory;
		};
/* End PBXContainerItemProxy section */

/* Begin PBXFileReference section */
		9E0405852C07560A0076F191 /* TrafficFactory.app */ = {isa = PBXFileReference; explicitFileType = wrapper.application; includeInIndex = 0; path = TrafficFactory.app; sourceTree = BUILT_PRODUCTS_DIR; };
		9E0405882C07560A0076F191 /* TrafficFactoryApp.swift */ = {isa = PBXFileReference; lastKnownFileType = sourcecode.swift; path = TrafficFactoryApp.swift; sourceTree = "<group>"; };
		9E04058A2C07560A0076F191 /* ContentView.swift */ = {isa = PBXFileReference; lastKnownFileType = sourcecode.swift; path = ContentView.swift; sourceTree = "<group>"; };
		9E04058C2C07560C0076F191 /* Assets.xcassets */ = {isa = PBXFileReference; lastKnownFileType = folder.assetcatalog; path = Assets.xcassets; sourceTree = "<group>"; };
		9E04058F2C07560C0076F191 /* Preview Assets.xcassets */ = {isa = PBXFileReference; lastKnownFileType = folder.assetcatalog; path = "Preview Assets.xcassets"; sourceTree = "<group>"; };
		9E0405952C07560C0076F191 /* TrafficFactoryTests.xctest */ = {isa = PBXFileReference; explicitFileType = wrapper.cfbundle; includeInIndex = 0; path = TrafficFactoryTests.xctest; sourceTree = BUILT_PRODUCTS_DIR; };
		9E04059F2C07560C0076F191 /* TrafficFactoryUITests.xctest */ = {isa = PBXFileReference; explicitFileType = wrapper.cfbundle; includeInIndex = 0; path = TrafficFactoryUITests.xctest; sourceTree = BUILT_PRODUCTS_DIR; };
		9E0405A32C07560C0076F191 /* TrafficFactoryUITests.swift */ = {isa = PBXFileReference; lastKnownFileType = sourcecode.swift; path = TrafficFactoryUITests.swift; sourceTree = "<group>"; };
		9E0405A52C07560C0076F191 /* TrafficFactoryUITestsLaunchTests.swift */ = {isa = PBXFileReference; lastKnownFileType = sourcecode.swift; path = TrafficFactoryUITestsLaunchTests.swift; sourceTree = "<group>"; };
		9E578D4E2C07AFB600579E6E /* GaugeProgressStyle.swift */ = {isa = PBXFileReference; lastKnownFileType = sourcecode.swift; path = GaugeProgressStyle.swift; sourceTree = "<group>"; };
		9E578D502C08622900579E6E /* ImageLoader.swift */ = {isa = PBXFileReference; fileEncoding = 4; lastKnownFileType = sourcecode.swift; path = ImageLoader.swift; sourceTree = "<group>"; };
		9E578D512C08622900579E6E /* DataService.swift */ = {isa = PBXFileReference; fileEncoding = 4; lastKnownFileType = sourcecode.swift; path = DataService.swift; sourceTree = "<group>"; };
		9E578D542C08623800579E6E /* ViewModel.swift */ = {isa = PBXFileReference; fileEncoding = 4; lastKnownFileType = sourcecode.swift; path = ViewModel.swift; sourceTree = "<group>"; };
		9E578D562C08624A00579E6E /* ItemCell.swift */ = {isa = PBXFileReference; fileEncoding = 4; lastKnownFileType = sourcecode.swift; path = ItemCell.swift; sourceTree = "<group>"; };
		9E578D582C08627400579E6E /* Item.swift */ = {isa = PBXFileReference; fileEncoding = 4; lastKnownFileType = sourcecode.swift; path = Item.swift; sourceTree = "<group>"; };
		9E578D5C2C0862F000579E6E /* items.json */ = {isa = PBXFileReference; fileEncoding = 4; lastKnownFileType = text.json; name = items.json; path = ../../../../.Trash/items.json; sourceTree = "<group>"; };
		9E578D602C0863B500579E6E /* DataServiceTests.swift */ = {isa = PBXFileReference; lastKnownFileType = sourcecode.swift; path = DataServiceTests.swift; sourceTree = "<group>"; };
		9E578D622C08646500579E6E /* ImageLoaderTests.swift */ = {isa = PBXFileReference; lastKnownFileType = sourcecode.swift; path = ImageLoaderTests.swift; sourceTree = "<group>"; };
		9E578D652C0865B300579E6E /* ViewModelTests.swift */ = {isa = PBXFileReference; lastKnownFileType = sourcecode.swift; path = ViewModelTests.swift; sourceTree = "<group>"; };
/* End PBXFileReference section */

/* Begin PBXFrameworksBuildPhase section */
		9E0405822C07560A0076F191 /* Frameworks */ = {
			isa = PBXFrameworksBuildPhase;
			buildActionMask = 2147483647;
			files = (
			);
			runOnlyForDeploymentPostprocessing = 0;
		};
		9E0405922C07560C0076F191 /* Frameworks */ = {
			isa = PBXFrameworksBuildPhase;
			buildActionMask = 2147483647;
			files = (
			);
			runOnlyForDeploymentPostprocessing = 0;
		};
		9E04059C2C07560C0076F191 /* Frameworks */ = {
			isa = PBXFrameworksBuildPhase;
			buildActionMask = 2147483647;
			files = (
			);
			runOnlyForDeploymentPostprocessing = 0;
		};
/* End PBXFrameworksBuildPhase section */

/* Begin PBXGroup section */
		9E04057C2C07560A0076F191 = {
			isa = PBXGroup;
			children = (
				9E0405872C07560A0076F191 /* TrafficFactory */,
				9E0405982C07560C0076F191 /* TrafficFactoryTests */,
				9E0405A22C07560C0076F191 /* TrafficFactoryUITests */,
				9E0405862C07560A0076F191 /* Products */,
			);
			sourceTree = "<group>";
		};
		9E0405862C07560A0076F191 /* Products */ = {
			isa = PBXGroup;
			children = (
				9E0405852C07560A0076F191 /* TrafficFactory.app */,
				9E0405952C07560C0076F191 /* TrafficFactoryTests.xctest */,
				9E04059F2C07560C0076F191 /* TrafficFactoryUITests.xctest */,
			);
			name = Products;
			sourceTree = "<group>";
		};
		9E0405872C07560A0076F191 /* TrafficFactory */ = {
			isa = PBXGroup;
			children = (
				9E0405882C07560A0076F191 /* TrafficFactoryApp.swift */,
				9E578D4D2C07AF9F00579E6E /* Helpers */,
				9E0405B82C0757020076F191 /* Services */,
				9E0405BB2C0757380076F191 /* Models */,
				9E0405B32C0756630076F191 /* ViewModels */,
				9E0405B22C07565C0076F191 /* Views */,
				9E0405C22C075EC40076F191 /* Resources */,
				9E04058C2C07560C0076F191 /* Assets.xcassets */,
				9E04058E2C07560C0076F191 /* Preview Content */,
			);
			path = TrafficFactory;
			sourceTree = "<group>";
		};
		9E04058E2C07560C0076F191 /* Preview Content */ = {
			isa = PBXGroup;
			children = (
				9E04058F2C07560C0076F191 /* Preview Assets.xcassets */,
			);
			path = "Preview Content";
			sourceTree = "<group>";
		};
		9E0405982C07560C0076F191 /* TrafficFactoryTests */ = {
			isa = PBXGroup;
			children = (
				9E578D5E2C08636D00579E6E /* Cases */,
			);
			path = TrafficFactoryTests;
			sourceTree = "<group>";
		};
		9E0405A22C07560C0076F191 /* TrafficFactoryUITests */ = {
			isa = PBXGroup;
			children = (
				9E0405A32C07560C0076F191 /* TrafficFactoryUITests.swift */,
				9E0405A52C07560C0076F191 /* TrafficFactoryUITestsLaunchTests.swift */,
			);
			path = TrafficFactoryUITests;
			sourceTree = "<group>";
		};
		9E0405B22C07565C0076F191 /* Views */ = {
			isa = PBXGroup;
			children = (
				9E04058A2C07560A0076F191 /* ContentView.swift */,
				9E578D562C08624A00579E6E /* ItemCell.swift */,
			);
			path = Views;
			sourceTree = "<group>";
		};
		9E0405B32C0756630076F191 /* ViewModels */ = {
			isa = PBXGroup;
			children = (
				9E578D542C08623800579E6E /* ViewModel.swift */,
			);
			path = ViewModels;
			sourceTree = "<group>";
		};
		9E0405B82C0757020076F191 /* Services */ = {
			isa = PBXGroup;
			children = (
				9E578D512C08622900579E6E /* DataService.swift */,
				9E578D502C08622900579E6E /* ImageLoader.swift */,
			);
			path = Services;
			sourceTree = "<group>";
		};
		9E0405BB2C0757380076F191 /* Models */ = {
			isa = PBXGroup;
			children = (
				9E578D582C08627400579E6E /* Item.swift */,
			);
			path = Models;
			sourceTree = "<group>";
		};
		9E0405C22C075EC40076F191 /* Resources */ = {
			isa = PBXGroup;
			children = (
				9E578D5C2C0862F000579E6E /* items.json */,
			);
			path = Resources;
			sourceTree = "<group>";
		};
		9E578D4D2C07AF9F00579E6E /* Helpers */ = {
			isa = PBXGroup;
			children = (
				9E578D4E2C07AFB600579E6E /* GaugeProgressStyle.swift */,
			);
			path = Helpers;
			sourceTree = "<group>";
		};
		9E578D5E2C08636D00579E6E /* Cases */ = {
			isa = PBXGroup;
			children = (
				9E578D642C08659F00579E6E /* ViewModelTests */,
				9E578D5F2C08639E00579E6E /* ServiceTests */,
			);
			path = Cases;
			sourceTree = "<group>";
		};
		9E578D5F2C08639E00579E6E /* ServiceTests */ = {
			isa = PBXGroup;
			children = (
				9E578D602C0863B500579E6E /* DataServiceTests.swift */,
				9E578D622C08646500579E6E /* ImageLoaderTests.swift */,
			);
			path = ServiceTests;
			sourceTree = "<group>";
		};
		9E578D642C08659F00579E6E /* ViewModelTests */ = {
			isa = PBXGroup;
			children = (
				9E578D652C0865B300579E6E /* ViewModelTests.swift */,
			);
			path = ViewModelTests;
			sourceTree = "<group>";
		};
/* End PBXGroup section */

/* Begin PBXNativeTarget section */
		9E0405842C07560A0076F191 /* TrafficFactory */ = {
			isa = PBXNativeTarget;
			buildConfigurationList = 9E0405A92C07560C0076F191 /* Build configuration list for PBXNativeTarget "TrafficFactory" */;
			buildPhases = (
				9E0405812C07560A0076F191 /* Sources */,
				9E0405822C07560A0076F191 /* Frameworks */,
				9E0405832C07560A0076F191 /* Resources */,
			);
			buildRules = (
			);
			dependencies = (
			);
			name = TrafficFactory;
			productName = TrafficFactory;
			productReference = 9E0405852C07560A0076F191 /* TrafficFactory.app */;
			productType = "com.apple.product-type.application";
		};
		9E0405942C07560C0076F191 /* TrafficFactoryTests */ = {
			isa = PBXNativeTarget;
			buildConfigurationList = 9E0405AC2C07560C0076F191 /* Build configuration list for PBXNativeTarget "TrafficFactoryTests" */;
			buildPhases = (
				9E0405912C07560C0076F191 /* Sources */,
				9E0405922C07560C0076F191 /* Frameworks */,
				9E0405932C07560C0076F191 /* Resources */,
			);
			buildRules = (
			);
			dependencies = (
				9E0405972C07560C0076F191 /* PBXTargetDependency */,
			);
			name = TrafficFactoryTests;
			productName = TrafficFactoryTests;
			productReference = 9E0405952C07560C0076F191 /* TrafficFactoryTests.xctest */;
			productType = "com.apple.product-type.bundle.unit-test";
		};
		9E04059E2C07560C0076F191 /* TrafficFactoryUITests */ = {
			isa = PBXNativeTarget;
			buildConfigurationList = 9E0405AF2C07560C0076F191 /* Build configuration list for PBXNativeTarget "TrafficFactoryUITests" */;
			buildPhases = (
				9E04059B2C07560C0076F191 /* Sources */,
				9E04059C2C07560C0076F191 /* Frameworks */,
				9E04059D2C07560C0076F191 /* Resources */,
			);
			buildRules = (
			);
			dependencies = (
				9E0405A12C07560C0076F191 /* PBXTargetDependency */,
			);
			name = TrafficFactoryUITests;
			productName = TrafficFactoryUITests;
			productReference = 9E04059F2C07560C0076F191 /* TrafficFactoryUITests.xctest */;
			productType = "com.apple.product-type.bundle.ui-testing";
		};
/* End PBXNativeTarget section */

/* Begin PBXProject section */
		9E04057D2C07560A0076F191 /* Project object */ = {
			isa = PBXProject;
			attributes = {
				BuildIndependentTargetsInParallel = 1;
				LastSwiftUpdateCheck = 1530;
				LastUpgradeCheck = 1530;
				TargetAttributes = {
					9E0405842C07560A0076F191 = {
						CreatedOnToolsVersion = 15.3;
					};
					9E0405942C07560C0076F191 = {
						CreatedOnToolsVersion = 15.3;
						TestTargetID = 9E0405842C07560A0076F191;
					};
					9E04059E2C07560C0076F191 = {
						CreatedOnToolsVersion = 15.3;
						TestTargetID = 9E0405842C07560A0076F191;
					};
				};
			};
			buildConfigurationList = 9E0405802C07560A0076F191 /* Build configuration list for PBXProject "TrafficFactory" */;
			compatibilityVersion = "Xcode 14.0";
			developmentRegion = en;
			hasScannedForEncodings = 0;
			knownRegions = (
				en,
				Base,
			);
			mainGroup = 9E04057C2C07560A0076F191;
			productRefGroup = 9E0405862C07560A0076F191 /* Products */;
			projectDirPath = "";
			projectRoot = "";
			targets = (
				9E0405842C07560A0076F191 /* TrafficFactory */,
				9E0405942C07560C0076F191 /* TrafficFactoryTests */,
				9E04059E2C07560C0076F191 /* TrafficFactoryUITests */,
			);
		};
/* End PBXProject section */

/* Begin PBXResourcesBuildPhase section */
		9E0405832C07560A0076F191 /* Resources */ = {
			isa = PBXResourcesBuildPhase;
			buildActionMask = 2147483647;
			files = (
				9E578D5D2C0862F000579E6E /* items.json in Resources */,
				9E0405902C07560C0076F191 /* Preview Assets.xcassets in Resources */,
				9E04058D2C07560C0076F191 /* Assets.xcassets in Resources */,
			);
			runOnlyForDeploymentPostprocessing = 0;
		};
		9E0405932C07560C0076F191 /* Resources */ = {
			isa = PBXResourcesBuildPhase;
			buildActionMask = 2147483647;
			files = (
			);
			runOnlyForDeploymentPostprocessing = 0;
		};
		9E04059D2C07560C0076F191 /* Resources */ = {
			isa = PBXResourcesBuildPhase;
			buildActionMask = 2147483647;
			files = (
			);
			runOnlyForDeploymentPostprocessing = 0;
		};
/* End PBXResourcesBuildPhase section */

/* Begin PBXSourcesBuildPhase section */
		9E0405812C07560A0076F191 /* Sources */ = {
			isa = PBXSourcesBuildPhase;
			buildActionMask = 2147483647;
			files = (
				9E578D552C08623800579E6E /* ViewModel.swift in Sources */,
				9E578D592C08627400579E6E /* Item.swift in Sources */,
				9E578D572C08624A00579E6E /* ItemCell.swift in Sources */,
				9E578D4F2C07AFB600579E6E /* GaugeProgressStyle.swift in Sources */,
				9E04058B2C07560A0076F191 /* ContentView.swift in Sources */,
				9E578D522C08622900579E6E /* ImageLoader.swift in Sources */,
				9E0405892C07560A0076F191 /* TrafficFactoryApp.swift in Sources */,
				9E578D532C08622900579E6E /* DataService.swift in Sources */,
			);
			runOnlyForDeploymentPostprocessing = 0;
		};
		9E0405912C07560C0076F191 /* Sources */ = {
			isa = PBXSourcesBuildPhase;
			buildActionMask = 2147483647;
			files = (
				9E578D612C0863B500579E6E /* DataServiceTests.swift in Sources */,
				9E578D632C08646500579E6E /* ImageLoaderTests.swift in Sources */,
				9E578D662C0865B300579E6E /* ViewModelTests.swift in Sources */,
			);
			runOnlyForDeploymentPostprocessing = 0;
		};
		9E04059B2C07560C0076F191 /* Sources */ = {
			isa = PBXSourcesBuildPhase;
			buildActionMask = 2147483647;
			files = (
				9E0405A42C07560C0076F191 /* TrafficFactoryUITests.swift in Sources */,
				9E0405A62C07560C0076F191 /* TrafficFactoryUITestsLaunchTests.swift in Sources */,
			);
			runOnlyForDeploymentPostprocessing = 0;
		};
/* End PBXSourcesBuildPhase section */

/* Begin PBXTargetDependency section */
		9E0405972C07560C0076F191 /* PBXTargetDependency */ = {
			isa = PBXTargetDependency;
			target = 9E0405842C07560A0076F191 /* TrafficFactory */;
			targetProxy = 9E0405962C07560C0076F191 /* PBXContainerItemProxy */;
		};
		9E0405A12C07560C0076F191 /* PBXTargetDependency */ = {
			isa = PBXTargetDependency;
			target = 9E0405842C07560A0076F191 /* TrafficFactory */;
			targetProxy = 9E0405A02C07560C0076F191 /* PBXContainerItemProxy */;
		};
/* End PBXTargetDependency section */

/* Begin XCBuildConfiguration section */
		9E0405A72C07560C0076F191 /* Debug */ = {
			isa = XCBuildConfiguration;
			buildSettings = {
				ALWAYS_SEARCH_USER_PATHS = NO;
				ASSETCATALOG_COMPILER_GENERATE_SWIFT_ASSET_SYMBOL_EXTENSIONS = YES;
				CLANG_ANALYZER_NONNULL = YES;
				CLANG_ANALYZER_NUMBER_OBJECT_CONVERSION = YES_AGGRESSIVE;
				CLANG_CXX_LANGUAGE_STANDARD = "gnu++20";
				CLANG_ENABLE_MODULES = YES;
				CLANG_ENABLE_OBJC_ARC = YES;
				CLANG_ENABLE_OBJC_WEAK = YES;
				CLANG_WARN_BLOCK_CAPTURE_AUTORELEASING = YES;
				CLANG_WARN_BOOL_CONVERSION = YES;
				CLANG_WARN_COMMA = YES;
				CLANG_WARN_CONSTANT_CONVERSION = YES;
				CLANG_WARN_DEPRECATED_OBJC_IMPLEMENTATIONS = YES;
				CLANG_WARN_DIRECT_OBJC_ISA_USAGE = YES_ERROR;
				CLANG_WARN_DOCUMENTATION_COMMENTS = YES;
				CLANG_WARN_EMPTY_BODY = YES;
				CLANG_WARN_ENUM_CONVERSION = YES;
				CLANG_WARN_INFINITE_RECURSION = YES;
				CLANG_WARN_INT_CONVERSION = YES;
				CLANG_WARN_NON_LITERAL_NULL_CONVERSION = YES;
				CLANG_WARN_OBJC_IMPLICIT_RETAIN_SELF = YES;
				CLANG_WARN_OBJC_LITERAL_CONVERSION = YES;
				CLANG_WARN_OBJC_ROOT_CLASS = YES_ERROR;
				CLANG_WARN_QUOTED_INCLUDE_IN_FRAMEWORK_HEADER = YES;
				CLANG_WARN_RANGE_LOOP_ANALYSIS = YES;
				CLANG_WARN_STRICT_PROTOTYPES = YES;
				CLANG_WARN_SUSPICIOUS_MOVE = YES;
				CLANG_WARN_UNGUARDED_AVAILABILITY = YES_AGGRESSIVE;
				CLANG_WARN_UNREACHABLE_CODE = YES;
				CLANG_WARN__DUPLICATE_METHOD_MATCH = YES;
				COPY_PHASE_STRIP = NO;
				DEBUG_INFORMATION_FORMAT = dwarf;
				ENABLE_STRICT_OBJC_MSGSEND = YES;
				ENABLE_TESTABILITY = YES;
				ENABLE_USER_SCRIPT_SANDBOXING = YES;
				GCC_C_LANGUAGE_STANDARD = gnu17;
				GCC_DYNAMIC_NO_PIC = NO;
				GCC_NO_COMMON_BLOCKS = YES;
				GCC_OPTIMIZATION_LEVEL = 0;
				GCC_PREPROCESSOR_DEFINITIONS = (
					"DEBUG=1",
					"$(inherited)",
				);
				GCC_WARN_64_TO_32_BIT_CONVERSION = YES;
				GCC_WARN_ABOUT_RETURN_TYPE = YES_ERROR;
				GCC_WARN_UNDECLARED_SELECTOR = YES;
				GCC_WARN_UNINITIALIZED_AUTOS = YES_AGGRESSIVE;
				GCC_WARN_UNUSED_FUNCTION = YES;
				GCC_WARN_UNUSED_VARIABLE = YES;
				IPHONEOS_DEPLOYMENT_TARGET = 17.4;
				LOCALIZATION_PREFERS_STRING_CATALOGS = YES;
				MTL_ENABLE_DEBUG_INFO = INCLUDE_SOURCE;
				MTL_FAST_MATH = YES;
				ONLY_ACTIVE_ARCH = YES;
				SDKROOT = iphoneos;
				SWIFT_ACTIVE_COMPILATION_CONDITIONS = "DEBUG $(inherited)";
				SWIFT_OPTIMIZATION_LEVEL = "-Onone";
			};
			name = Debug;
		};
		9E0405A82C07560C0076F191 /* Release */ = {
			isa = XCBuildConfiguration;
			buildSettings = {
				ALWAYS_SEARCH_USER_PATHS = NO;
				ASSETCATALOG_COMPILER_GENERATE_SWIFT_ASSET_SYMBOL_EXTENSIONS = YES;
				CLANG_ANALYZER_NONNULL = YES;
				CLANG_ANALYZER_NUMBER_OBJECT_CONVERSION = YES_AGGRESSIVE;
				CLANG_CXX_LANGUAGE_STANDARD = "gnu++20";
				CLANG_ENABLE_MODULES = YES;
				CLANG_ENABLE_OBJC_ARC = YES;
				CLANG_ENABLE_OBJC_WEAK = YES;
				CLANG_WARN_BLOCK_CAPTURE_AUTORELEASING = YES;
				CLANG_WARN_BOOL_CONVERSION = YES;
				CLANG_WARN_COMMA = YES;
				CLANG_WARN_CONSTANT_CONVERSION = YES;
				CLANG_WARN_DEPRECATED_OBJC_IMPLEMENTATIONS = YES;
				CLANG_WARN_DIRECT_OBJC_ISA_USAGE = YES_ERROR;
				CLANG_WARN_DOCUMENTATION_COMMENTS = YES;
				CLANG_WARN_EMPTY_BODY = YES;
				CLANG_WARN_ENUM_CONVERSION = YES;
				CLANG_WARN_INFINITE_RECURSION = YES;
				CLANG_WARN_INT_CONVERSION = YES;
				CLANG_WARN_NON_LITERAL_NULL_CONVERSION = YES;
				CLANG_WARN_OBJC_IMPLICIT_RETAIN_SELF = YES;
				CLANG_WARN_OBJC_LITERAL_CONVERSION = YES;
				CLANG_WARN_OBJC_ROOT_CLASS = YES_ERROR;
				CLANG_WARN_QUOTED_INCLUDE_IN_FRAMEWORK_HEADER = YES;
				CLANG_WARN_RANGE_LOOP_ANALYSIS = YES;
				CLANG_WARN_STRICT_PROTOTYPES = YES;
				CLANG_WARN_SUSPICIOUS_MOVE = YES;
				CLANG_WARN_UNGUARDED_AVAILABILITY = YES_AGGRESSIVE;
				CLANG_WARN_UNREACHABLE_CODE = YES;
				CLANG_WARN__DUPLICATE_METHOD_MATCH = YES;
				COPY_PHASE_STRIP = NO;
				DEBUG_INFORMATION_FORMAT = "dwarf-with-dsym";
				ENABLE_NS_ASSERTIONS = NO;
				ENABLE_STRICT_OBJC_MSGSEND = YES;
				ENABLE_USER_SCRIPT_SANDBOXING = YES;
				GCC_C_LANGUAGE_STANDARD = gnu17;
				GCC_NO_COMMON_BLOCKS = YES;
				GCC_WARN_64_TO_32_BIT_CONVERSION = YES;
				GCC_WARN_ABOUT_RETURN_TYPE = YES_ERROR;
				GCC_WARN_UNDECLARED_SELECTOR = YES;
				GCC_WARN_UNINITIALIZED_AUTOS = YES_AGGRESSIVE;
				GCC_WARN_UNUSED_FUNCTION = YES;
				GCC_WARN_UNUSED_VARIABLE = YES;
				IPHONEOS_DEPLOYMENT_TARGET = 17.4;
				LOCALIZATION_PREFERS_STRING_CATALOGS = YES;
				MTL_ENABLE_DEBUG_INFO = NO;
				MTL_FAST_MATH = YES;
				SDKROOT = iphoneos;
				SWIFT_COMPILATION_MODE = wholemodule;
				VALIDATE_PRODUCT = YES;
			};
			name = Release;
		};
		9E0405AA2C07560C0076F191 /* Debug */ = {
			isa = XCBuildConfiguration;
			buildSettings = {
				ASSETCATALOG_COMPILER_APPICON_NAME = AppIcon;
				ASSETCATALOG_COMPILER_GLOBAL_ACCENT_COLOR_NAME = AccentColor;
				CODE_SIGN_STYLE = Automatic;
				CURRENT_PROJECT_VERSION = 1;
				DEVELOPMENT_ASSET_PATHS = "\"TrafficFactory/Preview Content\"";
				DEVELOPMENT_TEAM = BKAQCZMCHY;
				ENABLE_PREVIEWS = YES;
				GENERATE_INFOPLIST_FILE = YES;
				INFOPLIST_KEY_UIApplicationSceneManifest_Generation = YES;
				INFOPLIST_KEY_UIApplicationSupportsIndirectInputEvents = YES;
				INFOPLIST_KEY_UILaunchScreen_Generation = YES;
				INFOPLIST_KEY_UISupportedInterfaceOrientations_iPad = "UIInterfaceOrientationPortrait UIInterfaceOrientationPortraitUpsideDown UIInterfaceOrientationLandscapeLeft UIInterfaceOrientationLandscapeRight";
				INFOPLIST_KEY_UISupportedInterfaceOrientations_iPhone = "UIInterfaceOrientationPortrait UIInterfaceOrientationLandscapeLeft UIInterfaceOrientationLandscapeRight";
				LD_RUNPATH_SEARCH_PATHS = (
					"$(inherited)",
					"@executable_path/Frameworks",
				);
				MARKETING_VERSION = 1.0;
				PRODUCT_BUNDLE_IDENTIFIER = com.og.TrafficFactory;
				PRODUCT_NAME = "$(TARGET_NAME)";
				SWIFT_EMIT_LOC_STRINGS = YES;
				SWIFT_VERSION = 5.0;
				TARGETED_DEVICE_FAMILY = "1,2";
			};
			name = Debug;
		};
		9E0405AB2C07560C0076F191 /* Release */ = {
			isa = XCBuildConfiguration;
			buildSettings = {
				ASSETCATALOG_COMPILER_APPICON_NAME = AppIcon;
				ASSETCATALOG_COMPILER_GLOBAL_ACCENT_COLOR_NAME = AccentColor;
				CODE_SIGN_STYLE = Automatic;
				CURRENT_PROJECT_VERSION = 1;
				DEVELOPMENT_ASSET_PATHS = "\"TrafficFactory/Preview Content\"";
				DEVELOPMENT_TEAM = BKAQCZMCHY;
				ENABLE_PREVIEWS = YES;
				GENERATE_INFOPLIST_FILE = YES;
				INFOPLIST_KEY_UIApplicationSceneManifest_Generation = YES;
				INFOPLIST_KEY_UIApplicationSupportsIndirectInputEvents = YES;
				INFOPLIST_KEY_UILaunchScreen_Generation = YES;
				INFOPLIST_KEY_UISupportedInterfaceOrientations_iPad = "UIInterfaceOrientationPortrait UIInterfaceOrientationPortraitUpsideDown UIInterfaceOrientationLandscapeLeft UIInterfaceOrientationLandscapeRight";
				INFOPLIST_KEY_UISupportedInterfaceOrientations_iPhone = "UIInterfaceOrientationPortrait UIInterfaceOrientationLandscapeLeft UIInterfaceOrientationLandscapeRight";
				LD_RUNPATH_SEARCH_PATHS = (
					"$(inherited)",
					"@executable_path/Frameworks",
				);
				MARKETING_VERSION = 1.0;
				PRODUCT_BUNDLE_IDENTIFIER = com.og.TrafficFactory;
				PRODUCT_NAME = "$(TARGET_NAME)";
				SWIFT_EMIT_LOC_STRINGS = YES;
				SWIFT_VERSION = 5.0;
				TARGETED_DEVICE_FAMILY = "1,2";
			};
			name = Release;
		};
		9E0405AD2C07560C0076F191 /* Debug */ = {
			isa = XCBuildConfiguration;
			buildSettings = {
				ALWAYS_EMBED_SWIFT_STANDARD_LIBRARIES = YES;
				BUNDLE_LOADER = "$(TEST_HOST)";
				CODE_SIGN_STYLE = Automatic;
				CURRENT_PROJECT_VERSION = 1;
				DEVELOPMENT_TEAM = BKAQCZMCHY;
				GENERATE_INFOPLIST_FILE = YES;
				IPHONEOS_DEPLOYMENT_TARGET = 17.4;
				MARKETING_VERSION = 1.0;
				PRODUCT_BUNDLE_IDENTIFIER = com.og.TrafficFactoryTests;
				PRODUCT_NAME = "$(TARGET_NAME)";
				SWIFT_EMIT_LOC_STRINGS = NO;
				SWIFT_VERSION = 5.0;
				TARGETED_DEVICE_FAMILY = "1,2";
				TEST_HOST = "$(BUILT_PRODUCTS_DIR)/TrafficFactory.app/$(BUNDLE_EXECUTABLE_FOLDER_PATH)/TrafficFactory";
			};
			name = Debug;
		};
		9E0405AE2C07560C0076F191 /* Release */ = {
			isa = XCBuildConfiguration;
			buildSettings = {
				ALWAYS_EMBED_SWIFT_STANDARD_LIBRARIES = YES;
				BUNDLE_LOADER = "$(TEST_HOST)";
				CODE_SIGN_STYLE = Automatic;
				CURRENT_PROJECT_VERSION = 1;
				DEVELOPMENT_TEAM = BKAQCZMCHY;
				GENERATE_INFOPLIST_FILE = YES;
				IPHONEOS_DEPLOYMENT_TARGET = 17.4;
				MARKETING_VERSION = 1.0;
				PRODUCT_BUNDLE_IDENTIFIER = com.og.TrafficFactoryTests;
				PRODUCT_NAME = "$(TARGET_NAME)";
				SWIFT_EMIT_LOC_STRINGS = NO;
				SWIFT_VERSION = 5.0;
				TARGETED_DEVICE_FAMILY = "1,2";
				TEST_HOST = "$(BUILT_PRODUCTS_DIR)/TrafficFactory.app/$(BUNDLE_EXECUTABLE_FOLDER_PATH)/TrafficFactory";
			};
			name = Release;
		};
		9E0405B02C07560C0076F191 /* Debug */ = {
			isa = XCBuildConfiguration;
			buildSettings = {
				ALWAYS_EMBED_SWIFT_STANDARD_LIBRARIES = YES;
				CODE_SIGN_STYLE = Automatic;
				CURRENT_PROJECT_VERSION = 1;
				DEVELOPMENT_TEAM = BKAQCZMCHY;
				GENERATE_INFOPLIST_FILE = YES;
				MARKETING_VERSION = 1.0;
				PRODUCT_BUNDLE_IDENTIFIER = com.og.TrafficFactoryUITests;
				PRODUCT_NAME = "$(TARGET_NAME)";
				SWIFT_EMIT_LOC_STRINGS = NO;
				SWIFT_VERSION = 5.0;
				TARGETED_DEVICE_FAMILY = "1,2";
				TEST_TARGET_NAME = TrafficFactory;
			};
			name = Debug;
		};
		9E0405B12C07560C0076F191 /* Release */ = {
			isa = XCBuildConfiguration;
			buildSettings = {
				ALWAYS_EMBED_SWIFT_STANDARD_LIBRARIES = YES;
				CODE_SIGN_STYLE = Automatic;
				CURRENT_PROJECT_VERSION = 1;
				DEVELOPMENT_TEAM = BKAQCZMCHY;
				GENERATE_INFOPLIST_FILE = YES;
				MARKETING_VERSION = 1.0;
				PRODUCT_BUNDLE_IDENTIFIER = com.og.TrafficFactoryUITests;
				PRODUCT_NAME = "$(TARGET_NAME)";
				SWIFT_EMIT_LOC_STRINGS = NO;
				SWIFT_VERSION = 5.0;
				TARGETED_DEVICE_FAMILY = "1,2";
				TEST_TARGET_NAME = TrafficFactory;
			};
			name = Release;
		};
/* End XCBuildConfiguration section */

/* Begin XCConfigurationList section */
		9E0405802C07560A0076F191 /* Build configuration list for PBXProject "TrafficFactory" */ = {
			isa = XCConfigurationList;
			buildConfigurations = (
				9E0405A72C07560C0076F191 /* Debug */,
				9E0405A82C07560C0076F191 /* Release */,
			);
			defaultConfigurationIsVisible = 0;
			defaultConfigurationName = Release;
		};
		9E0405A92C07560C0076F191 /* Build configuration list for PBXNativeTarget "TrafficFactory" */ = {
			isa = XCConfigurationList;
			buildConfigurations = (
				9E0405AA2C07560C0076F191 /* Debug */,
				9E0405AB2C07560C0076F191 /* Release */,
			);
			defaultConfigurationIsVisible = 0;
			defaultConfigurationName = Release;
		};
		9E0405AC2C07560C0076F191 /* Build configuration list for PBXNativeTarget "TrafficFactoryTests" */ = {
			isa = XCConfigurationList;
			buildConfigurations = (
				9E0405AD2C07560C0076F191 /* Debug */,
				9E0405AE2C07560C0076F191 /* Release */,
			);
			defaultConfigurationIsVisible = 0;
			defaultConfigurationName = Release;
		};
		9E0405AF2C07560C0076F191 /* Build configuration list for PBXNativeTarget "TrafficFactoryUITests" */ = {
			isa = XCConfigurationList;
			buildConfigurations = (
				9E0405B02C07560C0076F191 /* Debug */,
				9E0405B12C07560C0076F191 /* Release */,
			);
			defaultConfigurationIsVisible = 0;
			defaultConfigurationName = Release;
		};
/* End XCConfigurationList section */
	};
	rootObject = 9E04057D2C07560A0076F191 /* Project object */;
}
